
Microsoft Visual Studio Solution File, Format Version 12.00
# Visual Studio Version 16
VisualStudioVersion = 16.0.33027.164
MinimumVisualStudioVersion = 10.0.40219.1
Project("{8BC9CEB8-8B4A-11D0-8D11-00A0C91BC942}") = "Chapter2_recursion", "algorithm\algorithm.vcxproj", "{1B9A3459-B62D-4EE6-A02E-B83E383B562A}"
EndProject
Project("{8BC9CEB8-8B4A-11D0-8D11-00A0C91BC942}") = "Chapter3_struct_arr_pointer", "struct\struct.vcxproj", "{44F7B8AF-7416-4D37-BCE0-9C8D21378C9F}"
EndProject
Project("{8BC9CEB8-8B4A-11D0-8D11-00A0C91BC942}") = "Chapter4_Stack", "Chaper4_Stack\Chaper4_Stack.vcxproj", "{D4AE7DA2-C11D-41AD-BB7A-27D6AA717290}"
EndProject
Project("{8BC9CEB8-8B4A-11D0-8D11-00A0C91BC942}") = "Chapter5_Queue", "Chapter4_Queue\Chapter4_Queue.vcxproj", "{15CF6AC0-6486-46E9-A5ED-1C4695FB19E9}"
EndProject
Project("{8BC9CEB8-8B4A-11D0-8D11-00A0C91BC942}") = "Chapter6_Linkedd_List1", "Linkedd_List1\Linkedd_List1.vcxproj", "{BFE9EEBD-A5F1-43D6-A318-92C162EFEC83}"
EndProject
Project("{8BC9CEB8-8B4A-11D0-8D11-00A0C91BC942}") = "Chapter7_Linked_List2", "Chapter7_Linked_List2\Chapter7_Linked_List2.vcxproj", "{5218117B-2F9A-4894-834C-0A678E94162A}"
EndProject
Global
	GlobalSection(SolutionConfigurationPlatforms) = preSolution
		Debug|x64 = Debug|x64
		Debug|x86 = Debug|x86
		Release|x64 = Release|x64
		Release|x86 = Release|x86
	EndGlobalSection
	GlobalSection(ProjectConfigurationPlatforms) = postSolution
		{1B9A3459-B62D-4EE6-A02E-B83E383B562A}.Debug|x64.ActiveCfg = Debug|x64
		{1B9A3459-B62D-4EE6-A02E-B83E383B562A}.Debug|x64.Build.0 = Debug|x64
		{1B9A3459-B62D-4EE6-A02E-B83E383B562A}.Debug|x86.ActiveCfg = Debug|Win32
		{1B9A3459-B62D-4EE6-A02E-B83E383B562A}.Debug|x86.Build.0 = Debug|Win32
		{1B9A3459-B62D-4EE6-A02E-B83E383B562A}.Release|x64.ActiveCfg = Release|x64
		{1B9A3459-B62D-4EE6-A02E-B83E383B562A}.Release|x64.Build.0 = Release|x64
		{1B9A3459-B62D-4EE6-A02E-B83E383B562A}.Release|x86.ActiveCfg = Release|Win32
		{1B9A3459-B62D-4EE6-A02E-B83E383B562A}.Release|x86.Build.0 = Release|Win32
		{44F7B8AF-7416-4D37-BCE0-9C8D21378C9F}.Debug|x64.ActiveCfg = Debug|x64
		{44F7B8AF-7416-4D37-BCE0-9C8D21378C9F}.Debug|x64.Build.0 = Debug|x64
		{44F7B8AF-7416-4D37-BCE0-9C8D21378C9F}.Debug|x86.ActiveCfg = Debug|Win32
		{44F7B8AF-7416-4D37-BCE0-9C8D21378C9F}.Debug|x86.Build.0 = Debug|Win32
		{44F7B8AF-7416-4D37-BCE0-9C8D21378C9F}.Release|x64.ActiveCfg = Release|x64
		{44F7B8AF-7416-4D37-BCE0-9C8D21378C9F}.Release|x64.Build.0 = Release|x64
		{44F7B8AF-7416-4D37-BCE0-9C8D21378C9F}.Release|x86.ActiveCfg = Release|Win32
		{44F7B8AF-7416-4D37-BCE0-9C8D21378C9F}.Release|x86.Build.0 = Release|Win32
		{D4AE7DA2-C11D-41AD-BB7A-27D6AA717290}.Debug|x64.ActiveCfg = Debug|x64
		{D4AE7DA2-C11D-41AD-BB7A-27D6AA717290}.Debug|x64.Build.0 = Debug|x64
		{D4AE7DA2-C11D-41AD-BB7A-27D6AA717290}.Debug|x86.ActiveCfg = Debug|Win32
		{D4AE7DA2-C11D-41AD-BB7A-27D6AA717290}.Debug|x86.Build.0 = Debug|Win32
		{D4AE7DA2-C11D-41AD-BB7A-27D6AA717290}.Release|x64.ActiveCfg = Release|x64
		{D4AE7DA2-C11D-41AD-BB7A-27D6AA717290}.Release|x64.Build.0 = Release|x64
		{D4AE7DA2-C11D-41AD-BB7A-27D6AA717290}.Release|x86.ActiveCfg = Release|Win32
		{D4AE7DA2-C11D-41AD-BB7A-27D6AA717290}.Release|x86.Build.0 = Release|Win32
		{15CF6AC0-6486-46E9-A5ED-1C4695FB19E9}.Debug|x64.ActiveCfg = Debug|x64
		{15CF6AC0-6486-46E9-A5ED-1C4695FB19E9}.Debug|x64.Build.0 = Debug|x64
		{15CF6AC0-6486-46E9-A5ED-1C4695FB19E9}.Debug|x86.ActiveCfg = Debug|Win32
		{15CF6AC0-6486-46E9-A5ED-1C4695FB19E9}.Debug|x86.Build.0 = Debug|Win32
		{15CF6AC0-6486-46E9-A5ED-1C4695FB19E9}.Release|x64.ActiveCfg = Release|x64
		{15CF6AC0-6486-46E9-A5ED-1C4695FB19E9}.Release|x64.Build.0 = Release|x64
		{15CF6AC0-6486-46E9-A5ED-1C4695FB19E9}.Release|x86.ActiveCfg = Release|Win32
		{15CF6AC0-6486-46E9-A5ED-1C4695FB19E9}.Release|x86.Build.0 = Release|Win32
		{BFE9EEBD-A5F1-43D6-A318-92C162EFEC83}.Debug|x64.ActiveCfg = Debug|x64
		{BFE9EEBD-A5F1-43D6-A318-92C162EFEC83}.Debug|x64.Build.0 = Debug|x64
		{BFE9EEBD-A5F1-43D6-A318-92C162EFEC83}.Debug|x86.ActiveCfg = Debug|Win32
		{BFE9EEBD-A5F1-43D6-A318-92C162EFEC83}.Debug|x86.Build.0 = Debug|Win32
		{BFE9EEBD-A5F1-43D6-A318-92C162EFEC83}.Release|x64.ActiveCfg = Release|x64
		{BFE9EEBD-A5F1-43D6-A318-92C162EFEC83}.Release|x64.Build.0 = Release|x64
		{BFE9EEBD-A5F1-43D6-A318-92C162EFEC83}.Release|x86.ActiveCfg = Release|Win32
		{BFE9EEBD-A5F1-43D6-A318-92C162EFEC83}.Release|x86.Build.0 = Release|Win32
		{5218117B-2F9A-4894-834C-0A678E94162A}.Debug|x64.ActiveCfg = Debug|x64
		{5218117B-2F9A-4894-834C-0A678E94162A}.Debug|x64.Build.0 = Debug|x64
		{5218117B-2F9A-4894-834C-0A678E94162A}.Debug|x86.ActiveCfg = Debug|Win32
		{5218117B-2F9A-4894-834C-0A678E94162A}.Debug|x86.Build.0 = Debug|Win32
		{5218117B-2F9A-4894-834C-0A678E94162A}.Release|x64.ActiveCfg = Release|x64
		{5218117B-2F9A-4894-834C-0A678E94162A}.Release|x64.Build.0 = Release|x64
		{5218117B-2F9A-4894-834C-0A678E94162A}.Release|x86.ActiveCfg = Release|Win32
		{5218117B-2F9A-4894-834C-0A678E94162A}.Release|x86.Build.0 = Release|Win32
	EndGlobalSection
	GlobalSection(SolutionProperties) = preSolution
		HideSolutionNode = FALSE
	EndGlobalSection
	GlobalSection(ExtensibilityGlobals) = postSolution
		SolutionGuid = {B7CA528D-17EF-4884-8E8F-7F95AB0C8546}
	EndGlobalSection
EndGlobal
